{
  "name": "sal",
  "version": "1.0.0",
  "lockfileVersion": 1,
  "requires": true,
  "dependencies": {
    "sal.js": {
      "version": "0.6.5",
      "resolved": "https://registry.npmjs.org/sal.js/-/sal.js-0.6.5.tgz",
      "integrity": "sha512-ZblnRapisIDu/d/AzYHjnWoLhA817/Bfd76tQXJvnQGknkHxBfu5pyp9qC85Jx4Loa0u5XzrIgkVJaW7bGCVYg=="
    }
  }
}
